{
  "version": 4,
  "terraform_version": "0.14.3",
  "serial": 18,
  "lineage": "51b33994-6cae-837d-038c-8bf529d8b34d",
  "outputs": {
    "DDBTable_arn": {
      "value": [
        "arn:aws:dynamodb:ap-south-1:002993940769:table/GameScores"
      ],
      "type": [
        "tuple",
        [
          "string"
        ]
      ]
    },
    "bucket_arn": {
      "value": [
        "arn:aws:s3:::mytestterraform-bucket",
        "arn:aws:s3:::mytestterraform-bucket2",
        "arn:aws:s3:::mytestterraform-bucket3"
      ],
      "type": [
        "tuple",
        [
          "string",
          "string",
          "string"
        ]
      ]
    },
    "bucket_id": {
      "value": [
        "mytestterraform-bucket",
        "mytestterraform-bucket2",
        "mytestterraform-bucket3"
      ],
      "type": [
        "tuple",
        [
          "string",
          "string",
          "string"
        ]
      ]
    },
    "vpc_id": {
      "value": "vpc-04cde2e9ac57c6271",
      "type": "string"
    }
  },
  "resources": [
    {
      "module": "module.awss3",
      "mode": "managed",
      "type": "aws_s3_bucket",
      "name": "bucket",
      "provider": "provider[\"registry.terraform.io/hashicorp/aws\"]",
      "instances": [
        {
          "index_key": 0,
          "schema_version": 0,
          "attributes": {
            "acceleration_status": "",
            "acl": "private",
            "arn": "arn:aws:s3:::mytestterraform-bucket",
            "bucket": "mytestterraform-bucket",
            "bucket_domain_name": "mytestterraform-bucket.s3.amazonaws.com",
            "bucket_prefix": null,
            "bucket_regional_domain_name": "mytestterraform-bucket.s3.ap-south-1.amazonaws.com",
            "cors_rule": [],
            "force_destroy": false,
            "grant": [],
            "hosted_zone_id": "Z11RGJOFQNVJUP",
            "id": "mytestterraform-bucket",
            "lifecycle_rule": [],
            "logging": [],
            "object_lock_configuration": [],
            "policy": null,
            "region": "ap-south-1",
            "replication_configuration": [],
            "request_payer": "BucketOwner",
            "server_side_encryption_configuration": [],
            "tags": {
              "CreatedBy": "Faraz",
              "CreatedOn": "14th-April",
              "Project": "DnB"
            },
            "versioning": [
              {
                "enabled": true,
                "mfa_delete": false
              }
            ],
            "website": [],
            "website_domain": null,
            "website_endpoint": null
          },
          "sensitive_attributes": [],
          "private": "bnVsbA=="
        },
        {
          "index_key": 1,
          "schema_version": 0,
          "attributes": {
            "acceleration_status": "",
            "acl": "private",
            "arn": "arn:aws:s3:::mytestterraform-bucket2",
            "bucket": "mytestterraform-bucket2",
            "bucket_domain_name": "mytestterraform-bucket2.s3.amazonaws.com",
            "bucket_prefix": null,
            "bucket_regional_domain_name": "mytestterraform-bucket2.s3.ap-south-1.amazonaws.com",
            "cors_rule": [],
            "force_destroy": false,
            "grant": [],
            "hosted_zone_id": "Z11RGJOFQNVJUP",
            "id": "mytestterraform-bucket2",
            "lifecycle_rule": [],
            "logging": [],
            "object_lock_configuration": [],
            "policy": null,
            "region": "ap-south-1",
            "replication_configuration": [],
            "request_payer": "BucketOwner",
            "server_side_encryption_configuration": [],
            "tags": {
              "CreatedBy": "Faraz",
              "CreatedOn": "14th-April",
              "Project": "DnB"
            },
            "versioning": [
              {
                "enabled": true,
                "mfa_delete": false
              }
            ],
            "website": [],
            "website_domain": null,
            "website_endpoint": null
          },
          "sensitive_attributes": [],
          "private": "bnVsbA=="
        },
        {
          "index_key": 2,
          "schema_version": 0,
          "attributes": {
            "acceleration_status": "",
            "acl": "private",
            "arn": "arn:aws:s3:::mytestterraform-bucket3",
            "bucket": "mytestterraform-bucket3",
            "bucket_domain_name": "mytestterraform-bucket3.s3.amazonaws.com",
            "bucket_prefix": null,
            "bucket_regional_domain_name": "mytestterraform-bucket3.s3.ap-south-1.amazonaws.com",
            "cors_rule": [],
            "force_destroy": false,
            "grant": [],
            "hosted_zone_id": "Z11RGJOFQNVJUP",
            "id": "mytestterraform-bucket3",
            "lifecycle_rule": [],
            "logging": [],
            "object_lock_configuration": [],
            "policy": null,
            "region": "ap-south-1",
            "replication_configuration": [],
            "request_payer": "BucketOwner",
            "server_side_encryption_configuration": [],
            "tags": {
              "CreatedBy": "Faraz",
              "CreatedOn": "14th-April",
              "Project": "DnB"
            },
            "versioning": [
              {
                "enabled": true,
                "mfa_delete": false
              }
            ],
            "website": [],
            "website_domain": null,
            "website_endpoint": null
          },
          "sensitive_attributes": [],
          "private": "bnVsbA=="
        }
      ]
    },
    {
      "module": "module.dynamodb",
      "mode": "managed",
      "type": "aws_dynamodb_table",
      "name": "basic-dynamodb-table",
      "provider": "provider[\"registry.terraform.io/hashicorp/aws\"]",
      "instances": [
        {
          "schema_version": 1,
          "attributes": {
            "arn": "arn:aws:dynamodb:ap-south-1:002993940769:table/GameScores",
            "attribute": [
              {
                "name": "GameTitle",
                "type": "S"
              },
              {
                "name": "UserId",
                "type": "S"
              }
            ],
            "billing_mode": "PROVISIONED",
            "global_secondary_index": [],
            "hash_key": "UserId",
            "id": "GameScores",
            "local_secondary_index": [],
            "name": "GameScores",
            "point_in_time_recovery": [
              {
                "enabled": false
              }
            ],
            "range_key": "GameTitle",
            "read_capacity": 20,
            "replica": [],
            "server_side_encryption": [],
            "stream_arn": "",
            "stream_enabled": false,
            "stream_label": "",
            "stream_view_type": "",
            "tags": {
              "CreatedBy": "Faraz",
              "CreatedOn": "14th-April",
              "Project": "DnB"
            },
            "timeouts": null,
            "ttl": [
              {
                "attribute_name": "",
                "enabled": false
              }
            ],
            "write_capacity": 20
          },
          "sensitive_attributes": [],
          "private": "eyJlMmJmYjczMC1lY2FhLTExZTYtOGY4OC0zNDM2M2JjN2M0YzAiOnsiY3JlYXRlIjoxMjAwMDAwMDAwMDAwLCJkZWxldGUiOjYwMDAwMDAwMDAwMCwidXBkYXRlIjozNjAwMDAwMDAwMDAwfSwic2NoZW1hX3ZlcnNpb24iOiIxIn0="
        }
      ]
    },
    {
      "module": "module.vpc",
      "mode": "managed",
      "type": "aws_vpc",
      "name": "main",
      "provider": "provider[\"registry.terraform.io/hashicorp/aws\"]",
      "instances": [
        {
          "schema_version": 1,
          "attributes": {
            "arn": "arn:aws:ec2:ap-south-1:002993940769:vpc/vpc-04cde2e9ac57c6271",
            "assign_generated_ipv6_cidr_block": false,
            "cidr_block": "10.0.0.0/16",
            "default_network_acl_id": "acl-0f8479e9770b09f07",
            "default_route_table_id": "rtb-06a2964ce911b3529",
            "default_security_group_id": "sg-0de6ff78e92ae34d0",
            "dhcp_options_id": "dopt-d36ca2b8",
            "enable_classiclink": null,
            "enable_classiclink_dns_support": null,
            "enable_dns_hostnames": false,
            "enable_dns_support": false,
            "id": "vpc-04cde2e9ac57c6271",
            "instance_tenancy": "default",
            "ipv6_association_id": "",
            "ipv6_cidr_block": "",
            "main_route_table_id": "rtb-06a2964ce911b3529",
            "owner_id": "002993940769",
            "tags": {
              "CreatedBy": "Faraz",
              "CreatedOn": "14th-April",
              "Name": "DEV-VPC",
              "Project": "DnB"
            },
            "tags_all": {
              "CreatedBy": "Faraz",
              "CreatedOn": "14th-April",
              "Name": "DEV-VPC",
              "Project": "DnB"
            }
          },
          "sensitive_attributes": [],
          "private": "eyJzY2hlbWFfdmVyc2lvbiI6IjEifQ=="
        }
      ]
    }
  ]
}
